# This lock file was generated by conda-lock (https://github.com/conda/conda-lock). DO NOT EDIT!
#
# A "lock file" contains a concrete list of package versions (with checksums) to be installed. Unlike
# e.g. `conda env create`, the resulting environment will not change as new package versions become
# available, unless you explicitly update the lock file.
#
# Install this environment as "YOURENV" with:
#     conda-lock install -n YOURENV conda-lock.yml
# To update a single package to the latest version compatible with the version constraints in the source:
#     conda-lock lock  --lockfile conda-lock.yml --update PACKAGE
# To re-solve the entire environment, e.g. after changing a version constraint in the source file:
#     conda-lock -f environment.yml --lockfile conda-lock.yml
version: 1
metadata:
  content_hash:
    linux-64: a7c27ddce29d0679d073a6372de3c5c3984c8988accce767cbf0386f9eebfec3
    osx-arm64: 478f79be65fbfee626322bfcf23e6a92af3e0cd540c9c9470edf545bf2973ae4
    osx-64: 634e8cb96e35d0ee078572fd7161edc89a1a1fd1383d136b471c19dc91cd29ec
    win-64: fba78086501f3e56b4eab4290fdb195ea095a93702a9300960f548e309110622
  channels:
  - url: defaults
    used_env_vars: []
  platforms:
  - linux-64
  - osx-arm64
  - osx-64
  - win-64
  sources:
  - environment.yml
package:
- name: _libgcc_mutex
  version: '0.1'
  manager: conda
  platform: linux-64
  dependencies: {}
  url: https://repo.anaconda.com/pkgs/main/linux-64/_libgcc_mutex-0.1-main.conda
  hash:
    md5: c3473ff8bdb3d124ed5ff11ec380d6f9
    sha256: 476626712f60e5ef0fe04c354727152b1ee5285d57ccd3575c7be930122bd051
  category: main
  optional: false
- name: _openmp_mutex
  version: '5.1'
  manager: conda
  platform: linux-64
  dependencies:
    _libgcc_mutex: '0.1'
    libgomp: '>=7.5.0'
  url: https://repo.anaconda.com/pkgs/main/linux-64/_openmp_mutex-5.1-1_gnu.conda
  hash:
    md5: 71d281e9c2192cb3fa425655a8defb85
    sha256: 576011048d23f2e03372263493c5529f802286ff53e8426df99a5b11cc2572f3
  category: main
  optional: false
- name: bzip2
  version: 1.0.8
  manager: conda
  platform: linux-64
  dependencies:
    libgcc-ng: '>=11.2.0'
  url: https://repo.anaconda.com/pkgs/main/linux-64/bzip2-1.0.8-h5eee18b_6.conda
  hash:
    md5: f21a3ff51c1b271977f53ce956a69297
    sha256: 235f266d5f9c3c61748bb1af0eff21bc7ed2a2a356b97ff28d9c1135039b08b0
  category: main
  optional: false
- name: bzip2
  version: 1.0.8
  manager: conda
  platform: osx-64
  dependencies: {}
  url: https://repo.anaconda.com/pkgs/main/osx-64/bzip2-1.0.8-h6c40b1e_6.conda
  hash:
    md5: 96224786021d0765ce05818fa3c59bdb
    sha256: 80bd9cac4f086056b4d2b8720fcfdc1dd8354be9f93b4aef1a853cdbc987e9bf
  category: main
  optional: false
- name: bzip2
  version: 1.0.8
  manager: conda
  platform: osx-arm64
  dependencies: {}
  url: https://repo.anaconda.com/pkgs/main/osx-arm64/bzip2-1.0.8-h80987f9_6.conda
  hash:
    md5: 27a1ffbd30ff6427c112a733410e2f57
    sha256: a99e7ae89274837bfa706a7f8bcb970520d909a84b9fa1d63ddce1305d96121c
  category: main
  optional: false
- name: bzip2
  version: 1.0.8
  manager: conda
  platform: win-64
  dependencies:
    vc: '>=14.1,<15.0a0'
    vs2015_runtime: '>=14.16.27012,<15.0a0'
  url: https://repo.anaconda.com/pkgs/main/win-64/bzip2-1.0.8-h2bbff1b_6.conda
  hash:
    md5: 33e784123d565c38e68945f07b461282
    sha256: 4e30c9bfd4501555b0859c863e95ea044290babf3bf190b9d4fb38b06cf15c3c
  category: main
  optional: false
- name: ca-certificates
  version: 2025.12.2
  manager: conda
  platform: linux-64
  dependencies: {}
  url: https://repo.anaconda.com/pkgs/main/linux-64/ca-certificates-2025.12.2-h06a4308_0.conda
  hash:
    md5: 4a93c43656592eb990b914fead171268
    sha256: 0c11f114b16e3b392f9e23f62ed6e48df81e1faec9bd036459edf7009bd819ac
  category: main
  optional: false
- name: ca-certificates
  version: 2025.7.15
  manager: conda
  platform: osx-64
  dependencies: {}
  url: https://repo.anaconda.com/pkgs/main/osx-64/ca-certificates-2025.7.15-hecd8cb5_0.conda
  hash:
    md5: ea4972f40e8b15965ef0cea7f9bdfd06
    sha256: 3f971f82dd2342a6d8370ec059d90d65e216ee3f30fab5749f68536be1ee3a59
  category: main
  optional: false
- name: ca-certificates
  version: 2025.12.2
  manager: conda
  platform: osx-arm64
  dependencies: {}
  url: https://repo.anaconda.com/pkgs/main/osx-arm64/ca-certificates-2025.12.2-hca03da5_0.conda
  hash:
    md5: 75625924c8619e480c450c97c2ee2fd7
    sha256: f113bdecd95601254933011820037b09a52ddc31ff9221d35a58d6e2f569fde5
  category: main
  optional: false
- name: ca-certificates
  version: 2025.12.2
  manager: conda
  platform: win-64
  dependencies: {}
  url: https://repo.anaconda.com/pkgs/main/win-64/ca-certificates-2025.12.2-haa95532_0.conda
  hash:
    md5: bc0118f8749f2bc514a89f3c786c890c
    sha256: f87069ec24ad9c681ac57bbe63045d627c529937fc3f3222c01e166d98386fce
  category: main
  optional: false
- name: ld_impl_linux-64
  version: '2.44'
  manager: conda
  platform: linux-64
  dependencies:
    __glibc: '>=2.28,<3.0.a0'
  url: https://repo.anaconda.com/pkgs/main/linux-64/ld_impl_linux-64-2.44-h153f514_2.conda
  hash:
    md5: dffdc9a0e09d04051d4bd758e104f4b3
    sha256: 89bc181d3d5976e5d7a763329c8877031e36ae5a3e9eabe7475e3cb1f55f5822
  category: main
  optional: false
- name: libcxx
  version: 19.1.7
  manager: conda
  platform: osx-64
  dependencies:
    __osx: '>=10.15'
  url: https://repo.anaconda.com/pkgs/main/osx-64/libcxx-19.1.7-haebbb44_3.conda
  hash:
    md5: 8a120c6c6b14e22156e66d72da61f59e
    sha256: d4937ea687b9a81d425034979a2da813b85aa5740ed13d15919851b4c3657d9f
  category: main
  optional: false
- name: libffi
  version: '3.3'
  manager: conda
  platform: linux-64
  dependencies:
    libgcc-ng: '>=7.3.0'
    libstdcxx-ng: '>=7.3.0'
  url: https://repo.anaconda.com/pkgs/main/linux-64/libffi-3.3-he6710b0_2.conda
  hash:
    md5: 88a54b8f50e351c650e16f4ee781440c
    sha256: 2cef7c80db19e83a38b6e02110f0e9828d3ef4045c38791d5b01006c44529093
  category: main
  optional: false
- name: libffi
  version: '3.3'
  manager: conda
  platform: osx-64
  dependencies:
    libcxx: '>=10.0.0'
  url: https://repo.anaconda.com/pkgs/main/osx-64/libffi-3.3-hb1e8313_2.conda
  hash:
    md5: 0c959d444ac65555cb836cdbd3e9a2d9
    sha256: f88a2ff020e096f477f0e8297088c33479de2a3362a9aaf05aa910ac1d175175
  category: main
  optional: false
- name: libffi
  version: 3.4.4
  manager: conda
  platform: osx-arm64
  dependencies: {}
  url: https://repo.anaconda.com/pkgs/main/osx-arm64/libffi-3.4.4-hca03da5_1.conda
  hash:
    md5: 2bec9ee4b1214a3c3e2d1f2e18725daf
    sha256: 800216cb554d0beaf970fe7c3efeee7974bb76576c1c5e0ae070c57fca2bba93
  category: main
  optional: false
- name: libffi
  version: 3.4.4
  manager: conda
  platform: win-64
  dependencies:
    vc: '>=14.1,<15.0a0'
    vs2015_runtime: '>=14.16.27012,<15.0a0'
  url: https://repo.anaconda.com/pkgs/main/win-64/libffi-3.4.4-hd77b12b_1.conda
  hash:
    md5: 9807b377e11739ae3e920e10e607e460
    sha256: 43a437fde4c064b2f1be2342a7bc6edccbc13da6a4fb8a44d87e4e6e34c54b63
  category: main
  optional: false
- name: libgcc
  version: 15.2.0
  manager: conda
  platform: linux-64
  dependencies:
    __glibc: '>=2.28,<3.0.a0'
    _openmp_mutex: '>=4.5'
  url: https://repo.anaconda.com/pkgs/main/linux-64/libgcc-15.2.0-h69a1729_7.conda
  hash:
    md5: 01fb1b8725fc7f66312b9d409758917a
    sha256: baf9d8d16e2a8ae7a4d1b80f2c1a932deaca1a87c677a370f6ab4688482db47b
  category: main
  optional: false
- name: libgcc-ng
  version: 15.2.0
  manager: conda
  platform: linux-64
  dependencies:
    _libgcc_mutex: '*'
    libgcc: 15.2.0
  url: https://repo.anaconda.com/pkgs/main/linux-64/libgcc-ng-15.2.0-h166f726_7.conda
  hash:
    md5: 2783efb2502b9caa7f08e25fd54df899
    sha256: 3a3678f17a8916777d03b83f19f673107b4a9bf55366234dcfa42edbd5173123
  category: main
  optional: false
- name: libgomp
  version: 15.2.0
  manager: conda
  platform: linux-64
  dependencies:
    __glibc: '>=2.28,<3.0.a0'
  url: https://repo.anaconda.com/pkgs/main/linux-64/libgomp-15.2.0-h4751f2c_7.conda
  hash:
    md5: 82025ed6da944bd419d42d9b1ff116aa
    sha256: 835e44371812c91563a00dec8bc98c460f8b9f33f50543244bc8774c446a2172
  category: main
  optional: false
- name: libstdcxx
  version: 15.2.0
  manager: conda
  platform: linux-64
  dependencies:
    __glibc: '>=2.28,<3.0.a0'
    libgcc: 15.2.0
  url: https://repo.anaconda.com/pkgs/main/linux-64/libstdcxx-15.2.0-h39759b7_7.conda
  hash:
    md5: 7dc7ec61ceea5de17f3e2c4c5f442fc6
    sha256: 747474162ae421d680ab3374d8b11158701206d4a9c4a8f9de557dd6fc13345a
  category: main
  optional: false
- name: libstdcxx-ng
  version: 15.2.0
  manager: conda
  platform: linux-64
  dependencies:
    libstdcxx: 15.2.0
  url: https://repo.anaconda.com/pkgs/main/linux-64/libstdcxx-ng-15.2.0-hc03a8fd_7.conda
  hash:
    md5: cf200522c0b13d64bf81035358d05f5b
    sha256: 7a39becf3c7dd6016d4b6d24587071cda2afefcdf2886ad16572095261c87b90
  category: main
  optional: false
- name: libuuid
  version: 1.41.5
  manager: conda
  platform: linux-64
  dependencies:
    libgcc-ng: '>=11.2.0'
  url: https://repo.anaconda.com/pkgs/main/linux-64/libuuid-1.41.5-h5eee18b_0.conda
  hash:
    md5: 4a6a2354414c9080327274aa514e5299
    sha256: 2a401aafabac51b7736cfe12d2ab205d29052640ea8183253c9d0a8e7ed0d49a
  category: main
  optional: false
- name: libxcb
  version: 1.17.0
  manager: conda
  platform: linux-64
  dependencies:
    libgcc-ng: '>=11.2.0'
    pthread-stubs: ''
    xorg-libxau: '>=1.0.12,<2.0a0'
    xorg-libxdmcp: '>=1.1.5,<2.0a0'
  url: https://repo.anaconda.com/pkgs/main/linux-64/libxcb-1.17.0-h9b100fa_0.conda
  hash:
    md5: fdf0d380fa3809a301e2dbc0d5183883
    sha256: f9cd1564fc83261ddba7496404f18143d4f8fda52e42c040005c1b1ad3e47f56
  category: main
  optional: false
- name: libzlib
  version: 1.3.1
  manager: conda
  platform: linux-64
  dependencies:
    __glibc: '>=2.17,<3.0.a0'
    libgcc-ng: '>=11.2.0'
  url: https://repo.anaconda.com/pkgs/main/linux-64/libzlib-1.3.1-hb25bd0a_0.conda
  hash:
    md5: 338ee51e19ee211b7fc994d4ba88c631
    sha256: 2e0a3ea3aba7ffaa9c2ce9b267b34b12859f93bde8e62cedcbbab6144776568f
  category: main
  optional: false
- name: libzlib
  version: 1.3.1
  manager: conda
  platform: win-64
  dependencies:
    ucrt: '>=10.0.20348.0'
    vc: '>=14.2,<15'
    vc14_runtime: '>=14.29.30133'
  url: https://repo.anaconda.com/pkgs/main/win-64/libzlib-1.3.1-h02ab6af_0.conda
  hash:
    md5: 1e313539489432d5edd44efbec8a4d53
    sha256: 0478d0e08e9737e6680343cd26380d8faf4f038bb59170818868cd2fb69e5481
  category: main
  optional: false
- name: ncurses
  version: '6.5'
  manager: conda
  platform: linux-64
  dependencies:
    __glibc: '>=2.17,<3.0.a0'
    libgcc-ng: '>=11.2.0'
  url: https://repo.anaconda.com/pkgs/main/linux-64/ncurses-6.5-h7934f7d_0.conda
  hash:
    md5: 0abfc090299da4bb031b84c64309757b
    sha256: 5ab33c1e90efbb3507116ae00d1f6740ec74104bb7028dc017f5f76796cee154
  category: main
  optional: false
- name: ncurses
  version: '6.5'
  manager: conda
  platform: osx-64
  dependencies:
    __osx: '>=10.15'
  url: https://repo.anaconda.com/pkgs/main/osx-64/ncurses-6.5-h923df54_0.conda
  hash:
    md5: 344eea75f2dc4bdbbe0ee4a263b4b103
    sha256: 64e55c28362595e21e6ed3953ee8d79f28e25d390e4604fea6f932605946936b
  category: main
  optional: false
- name: ncurses
  version: '6.4'
  manager: conda
  platform: osx-arm64
  dependencies: {}
  url: https://repo.anaconda.com/pkgs/main/osx-arm64/ncurses-6.4-h313beb8_0.conda
  hash:
    md5: 08038fd388dbbda4ed8e0206fc8706a7
    sha256: fe2b87be65e21d3cd3b73659e61d670901c3f8b593444dbea3e80a4c4359d7b6
  category: main
  optional: false
- name: openssl
  version: 1.1.1w
  manager: conda
  platform: linux-64
  dependencies:
    ca-certificates: ''
    libgcc-ng: '>=7.5.0'
  url: https://repo.anaconda.com/pkgs/main/linux-64/openssl-1.1.1w-h7f8727e_0.conda
  hash:
    md5: 11d3ab0dd48f97e56fab02f79dbb2beb
    sha256: 4e659c1be67de22803c1ddc269b6b74fdbdcb56a4fa18ab689891b35a6b644b5
  category: main
  optional: false
- name: openssl
  version: 1.1.1w
  manager: conda
  platform: osx-64
  dependencies:
    ca-certificates: ''
  url: https://repo.anaconda.com/pkgs/main/osx-64/openssl-1.1.1w-hca72f7f_0.conda
  hash:
    md5: 77b3f94d9db3f4961394d64d969bfd02
    sha256: d48ef32f1dad1bf3ae6a4da16de80c20dc8b3b12cebd8186a9815b0ef74729c5
  category: main
  optional: false
- name: openssl
  version: 1.1.1w
  manager: conda
  platform: osx-arm64
  dependencies:
    ca-certificates: ''
  url: https://repo.anaconda.com/pkgs/main/osx-arm64/openssl-1.1.1w-h1a28f6b_0.conda
  hash:
    md5: 0c5b4d522a1c3d3050696d0b134b2686
    sha256: d0180c20f3c8eb5b406d7140efda0e6bfe6f152741d0b9eed1014fc8973d2f8a
  category: main
  optional: false
- name: openssl
  version: 1.1.1w
  manager: conda
  platform: win-64
  dependencies:
    ca-certificates: ''
    vc: '>=14.1,<15.0a0'
    vs2015_runtime: '>=14.16.27012,<15.0a0'
  url: https://repo.anaconda.com/pkgs/main/win-64/openssl-1.1.1w-h2bbff1b_0.conda
  hash:
    md5: e2e24f1ea50292279c7ea3fe32924095
    sha256: 6a199ee325b4017701b27f90620daa6666c74b2f3ba9b9f8c79844b3fff15472
  category: main
  optional: false
- name: pthread-stubs
  version: '0.3'
  manager: conda
  platform: linux-64
  dependencies:
    libgcc-ng: '>=7.2.0'
  url: https://repo.anaconda.com/pkgs/main/linux-64/pthread-stubs-0.3-h0ce48e5_1.conda
  hash:
    md5: 973a642312d2a28927aaf5b477c67250
    sha256: 119c5ad43fb92b2f14a25c53276072ee77ff6b40c72e6617b523b9de0eb0822a
  category: main
  optional: false
- name: python
  version: 3.10.4
  manager: conda
  platform: linux-64
  dependencies:
    bzip2: '>=1.0.8,<2.0a0'
    ld_impl_linux-64: ''
    libffi: '>=3.3,<3.4.0a0'
    libgcc-ng: '>=7.5.0'
    libuuid: '>=1.0.3,<2.0a0'
    ncurses: '>=6.3,<7.0a0'
    openssl: '>=1.1.1n,<1.1.2a'
    readline: '>=8.0,<9.0a0'
    sqlite: '>=3.38.0,<4.0a0'
    tk: '>=8.6.11,<8.7.0a0'
    tzdata: ''
    xz: '>=5.2.5,<6.0a0'
    zlib: '>=1.2.11,<2.0.0a0'
  url: https://repo.anaconda.com/pkgs/main/linux-64/python-3.10.4-h12debd9_0.tar.bz2
  hash:
    md5: f931504bb2eeaf18f20388fd0ad44be4
    sha256: 3ac2d9165dbc89e4b309a2fa192c01f7e65a2fd47fad588bad44c66c19ad9af8
  category: main
  optional: false
- name: python
  version: 3.10.4
  manager: conda
  platform: osx-64
  dependencies:
    bzip2: '>=1.0.8,<2.0a0'
    libffi: '>=3.3,<3.4.0a0'
    ncurses: '>=6.3,<7.0a0'
    openssl: '>=1.1.1n,<1.1.2a'
    readline: '>=8.0,<9.0a0'
    sqlite: '>=3.37.2,<4.0a0'
    tk: '>=8.6.11,<8.7.0a0'
    tzdata: ''
    xz: '>=5.2.5,<6.0a0'
    zlib: '>=1.2.11,<1.3.0a0'
  url: https://repo.anaconda.com/pkgs/main/osx-64/python-3.10.4-hdfd78df_0.tar.bz2
  hash:
    md5: 36116e793b21f4bb5b9b3a0a2407b057
    sha256: 8a077f0bbb482bbc110aa93b83a09bd934f3d6981114eceb3e16ec13b6e21a5a
  category: main
  optional: false
- name: python
  version: 3.10.4
  manager: conda
  platform: osx-arm64
  dependencies:
    bzip2: '>=1.0.8,<2.0a0'
    libffi: '>=3.3,<4.0a0'
    ncurses: '>=6.3,<7.0a0'
    openssl: '>=1.1.1n,<1.1.2a'
    readline: '>=8.1.2,<9.0a0'
    sqlite: '>=3.38.0,<4.0a0'
    tk: '>=8.6.11,<8.7.0a0'
    tzdata: ''
    xz: '>=5.2.5,<6.0a0'
    zlib: '>=1.2.11,<2.0.0a0'
  url: https://repo.anaconda.com/pkgs/main/osx-arm64/python-3.10.4-hbdb9e5c_0.tar.bz2
  hash:
    md5: f4aae673df5b9a783bffae7ef1110657
    sha256: 6a5ffd857f73fbcfa043296ac35129f9354d1a8bf826fd0b6c42a901b0c43ded
  category: main
  optional: false
- name: python
  version: 3.10.4
  manager: conda
  platform: win-64
  dependencies:
    bzip2: '>=1.0.8,<2.0a0'
    libffi: '>=3.4,<4.0a0'
    openssl: '>=1.1.1n,<1.1.2a'
    sqlite: '>=3.38.0,<4.0a0'
    tk: '>=8.6.11,<8.7.0a0'
    tzdata: ''
    vc: '>=14.1,<15.0a0'
    vs2015_runtime: '>=14.16.27012,<15.0a0'
    xz: '>=5.2.5,<6.0a0'
    zlib: '>=1.2.11,<2.0.0a0'
  url: https://repo.anaconda.com/pkgs/main/win-64/python-3.10.4-hbb2ffb3_0.tar.bz2
  hash:
    md5: 73d848f358f4ce90bf297c4a20217ff1
    sha256: 697fb49cee43271e7967aa1bb0da63078aaec2716cbc9bcaa96a39b5c402ffee
  category: main
  optional: false
- name: readline
  version: '8.3'
  manager: conda
  platform: linux-64
  dependencies:
    __glibc: '>=2.17,<3.0.a0'
    libgcc-ng: '>=11.2.0'
    ncurses: '>=6.5,<7.0a0'
  url: https://repo.anaconda.com/pkgs/main/linux-64/readline-8.3-hc2a1206_0.conda
  hash:
    md5: 8578e006d4ef5cb98a6cda232b3490f6
    sha256: 0a438fa74f2776bde137017d6c18214b5da65b557f6a59f877fa4e091582f789
  category: main
  optional: false
- name: readline
  version: '8.3'
  manager: conda
  platform: osx-64
  dependencies:
    __osx: '>=10.15'
    ncurses: '>=6.5,<7.0a0'
  url: https://repo.anaconda.com/pkgs/main/osx-64/readline-8.3-h49f2429_0.conda
  hash:
    md5: 9cfeec293fac7385d9f79a7706fec481
    sha256: 7676f1fc83e0a1f35667f07a6d5903a739ca3f718b979171172344935836e616
  category: main
  optional: false
- name: readline
  version: '8.2'
  manager: conda
  platform: osx-arm64
  dependencies:
    ncurses: '>=6.3,<7.0a0'
  url: https://repo.anaconda.com/pkgs/main/osx-arm64/readline-8.2-h1a28f6b_0.conda
  hash:
    md5: 8e3d8eb62e32065d41fad9a83a901254
    sha256: 0399187fd09fc52bfac1b67b3cdef33faa76a75213ff932d9fcb079238dd8584
  category: main
  optional: false
- name: sqlite
  version: 3.51.1
  manager: conda
  platform: linux-64
  dependencies:
    __glibc: '>=2.28,<3.0.a0'
    libgcc: '>=14'
    ncurses: '>=6.5,<7.0a0'
    readline: '>=8.3,<9.0a0'
    zlib: '>=1.2.13,<2.0a0'
  url: https://repo.anaconda.com/pkgs/main/linux-64/sqlite-3.51.1-he0a8d7e_0.conda
  hash:
    md5: 63165d4db945c028e17efd2c87320926
    sha256: 7f5ed30f1fd5a9affaf7ea4e0c6b173ee1336138d8a9e4d6ac86908dc0577acb
  category: main
  optional: false
- name: sqlite
  version: 3.50.2
  manager: conda
  platform: osx-64
  dependencies:
    __osx: '>=10.15'
    ncurses: '>=6.4,<7.0a0'
    readline: '>=8.0,<9.0a0'
    zlib: '>=1.2.13,<2.0a0'
  url: https://repo.anaconda.com/pkgs/main/osx-64/sqlite-3.50.2-hc8b0dd6_1.conda
  hash:
    md5: c1036f04e8d13c68a27fe9da140e34f3
    sha256: fe376ff914ca3eb10ed1a8f2be3e83486fd4636d42b4188d66e3685b52bb007c
  category: main
  optional: false
- name: sqlite
  version: 3.45.3
  manager: conda
  platform: osx-arm64
  dependencies:
    ncurses: '>=6.4,<7.0a0'
    readline: '>=8.1.2,<9.0a0'
    zlib: '>=1.2.13,<2.0a0'
  url: https://repo.anaconda.com/pkgs/main/osx-arm64/sqlite-3.45.3-h80987f9_0.conda
  hash:
    md5: b81acdca67ae414177b550758d2d77a6
    sha256: 247a94c1f825ce386aeb27f2d40521a0e8b24155ce2112ee5435e0bbb43db03c
  category: main
  optional: false
- name: sqlite
  version: 3.51.1
  manager: conda
  platform: win-64
  dependencies:
    ucrt: '>=10.0.20348.0'
    vc: '>=14.2,<15'
    vc14_runtime: '>=14.29.30133'
  url: https://repo.anaconda.com/pkgs/main/win-64/sqlite-3.51.1-hda9a48d_0.conda
  hash:
    md5: c0533403bfb34954c346e36b36a2e8f7
    sha256: 700e5848401b9bf2b32d3292ccd6af5706cd786a296a45660206f653a1d81ea7
  category: main
  optional: false
- name: tk
  version: 8.6.15
  manager: conda
  platform: linux-64
  dependencies:
    __glibc: '>=2.17,<3.0.a0'
    libgcc-ng: '>=11.2.0'
    xorg-libx11: '>=1.8.12,<2.0a0'
    zlib: '>=1.2.13,<2.0.0a0'
  url: https://repo.anaconda.com/pkgs/main/linux-64/tk-8.6.15-h54e0aa7_0.conda
  hash:
    md5: 1fa91e0c4fc9c9435eda3f1a25a676fd
    sha256: a3bcd301ddd0bdb2f52f9bd3274fabe3c33d43ed61e58ee657efeac01b4be157
  category: main
  optional: false
- name: tk
  version: 8.6.15
  manager: conda
  platform: osx-64
  dependencies:
    __osx: '>=10.15'
    zlib: '>=1.2.13,<1.3.0a0'
  url: https://repo.anaconda.com/pkgs/main/osx-64/tk-8.6.15-h3a5a201_0.conda
  hash:
    md5: b622d9b8d9199d1414940143e0c8d244
    sha256: 81575da05bb9e2b796053466a4837591406718e80abd5c2ef1da3a9e0751d3f1
  category: main
  optional: false
- name: tk
  version: 8.6.14
  manager: conda
  platform: osx-arm64
  dependencies:
    zlib: '>=1.2.13,<2.0.0a0'
  url: https://repo.anaconda.com/pkgs/main/osx-arm64/tk-8.6.14-h6ba3021_1.conda
  hash:
    md5: 3dd6d73dac5c9b446c0784c68942b6f6
    sha256: 9df29566870e6569f87ef8a7f862cbf7016a2898cf71b9b0671d9fe0697660b0
  category: main
  optional: false
- name: tk
  version: 8.6.15
  manager: conda
  platform: win-64
  dependencies:
    ucrt: '>=10.0.20348.0'
    vc: '>=14.2,<15'
    vc14_runtime: '>=14.29.30133'
    zlib: '>=1.2.13,<2.0.0a0'
  url: https://repo.anaconda.com/pkgs/main/win-64/tk-8.6.15-hf199647_0.conda
  hash:
    md5: ddff7b6a72958ef802f40a735e505474
    sha256: 2f7e9d06b513bcabce6d9ae195e45ccf94fd249edfefc591a5430a9f6f92a7fa
  category: main
  optional: false
- name: tzdata
  version: 2025c
  manager: conda
  platform: linux-64
  dependencies: {}
  url: https://repo.anaconda.com/pkgs/main/noarch/tzdata-2025c-he532380_0.conda
  hash:
    md5: 6e382d15985f0eb3641376c4ec105389
    sha256: 736c2d2bd5ee924c905e7b41024d3887828e9ce048643352f273aa92087629a3
  category: main
  optional: false
- name: tzdata
  version: 2025c
  manager: conda
  platform: osx-64
  dependencies: {}
  url: https://repo.anaconda.com/pkgs/main/noarch/tzdata-2025c-he532380_0.conda
  hash:
    md5: 6e382d15985f0eb3641376c4ec105389
    sha256: 736c2d2bd5ee924c905e7b41024d3887828e9ce048643352f273aa92087629a3
  category: main
  optional: false
- name: tzdata
  version: 2025c
  manager: conda
  platform: osx-arm64
  dependencies: {}
  url: https://repo.anaconda.com/pkgs/main/noarch/tzdata-2025c-he532380_0.conda
  hash:
    md5: 6e382d15985f0eb3641376c4ec105389
    sha256: 736c2d2bd5ee924c905e7b41024d3887828e9ce048643352f273aa92087629a3
  category: main
  optional: false
- name: tzdata
  version: 2025c
  manager: conda
  platform: win-64
  dependencies: {}
  url: https://repo.anaconda.com/pkgs/main/noarch/tzdata-2025c-he532380_0.conda
  hash:
    md5: 6e382d15985f0eb3641376c4ec105389
    sha256: 736c2d2bd5ee924c905e7b41024d3887828e9ce048643352f273aa92087629a3
  category: main
  optional: false
- name: ucrt
  version: 10.0.22621.0
  manager: conda
  platform: win-64
  dependencies: {}
  url: https://repo.anaconda.com/pkgs/main/win-64/ucrt-10.0.22621.0-haa95532_0.conda
  hash:
    md5: 15e1b10231d7d236520501fcfb440f31
    sha256: 9dfca4fb23f20e62a48b9c52e2fdf4d0d34bb31eb6a930c2195fcd10651b3cc3
  category: main
  optional: false
- name: vc
  version: '14.3'
  manager: conda
  platform: win-64
  dependencies:
    vc14_runtime: '>=14.42.34433'
  url: https://repo.anaconda.com/pkgs/main/win-64/vc-14.3-h2df5915_10.conda
  hash:
    md5: 064c529f6f598fb2225446f76687a170
    sha256: d427b27e553a5caa78284a995ff9c3720b0f213a0e650fe9d3b54b4b4a65f241
  category: main
  optional: false
- name: vc14_runtime
  version: 14.44.35208
  manager: conda
  platform: win-64
  dependencies:
    ucrt: '>=10.0.20348.0'
  url: https://repo.anaconda.com/pkgs/main/win-64/vc14_runtime-14.44.35208-h4927774_10.conda
  hash:
    md5: 13296ea2847729c01c316b089cb28337
    sha256: 747f5d55439e327d3b035c0078be59991ffa5683542fbcecbcc6abcfff50588a
  category: main
  optional: false
- name: vs2015_runtime
  version: 14.44.35208
  manager: conda
  platform: win-64
  dependencies:
    vc14_runtime: '>=14.44.35208'
  url: https://repo.anaconda.com/pkgs/main/win-64/vs2015_runtime-14.44.35208-ha6b5a95_10.conda
  hash:
    md5: 58665d8e606897afb52a202669673c40
    sha256: fa731e65f9c6b7b9559cb93653d067658594f39d2bc5c75cae85ac2385d79d06
  category: main
  optional: false
- name: xorg-libx11
  version: 1.8.12
  manager: conda
  platform: linux-64
  dependencies:
    libgcc-ng: '>=11.2.0'
    libxcb: '>=1.17.0,<2.0a0'
    xorg-xorgproto: '>=2024.1,<2025.0a0'
  url: https://repo.anaconda.com/pkgs/main/linux-64/xorg-libx11-1.8.12-h9b100fa_1.conda
  hash:
    md5: 6298b27afae6f49f03765b2a03df2fcb
    sha256: e9e6228687c03d1c1318f6d7434e6c54f1a5e821def15d4926a5ce4c0a01a17e
  category: main
  optional: false
- name: xorg-libxau
  version: 1.0.12
  manager: conda
  platform: linux-64
  dependencies:
    libgcc-ng: '>=11.2.0'
  url: https://repo.anaconda.com/pkgs/main/linux-64/xorg-libxau-1.0.12-h9b100fa_0.conda
  hash:
    md5: a8005a9f6eb903e113cd5363e8a11459
    sha256: 68acf87da69a0237d5083798a9cc9b89d2887a84a5323aa740006b53cd5159ef
  category: main
  optional: false
- name: xorg-libxdmcp
  version: 1.1.5
  manager: conda
  platform: linux-64
  dependencies:
    libgcc-ng: '>=11.2.0'
  url: https://repo.anaconda.com/pkgs/main/linux-64/xorg-libxdmcp-1.1.5-h9b100fa_0.conda
  hash:
    md5: c284a09ddfba81d9c4e740110f09ea06
    sha256: 459c8497d1c22b020404b481fa12011abeb27d8eefde37dd4ac9f5a443fd5ac7
  category: main
  optional: false
- name: xorg-xorgproto
  version: '2024.1'
  manager: conda
  platform: linux-64
  dependencies:
    libgcc-ng: '>=11.2.0'
  url: https://repo.anaconda.com/pkgs/main/linux-64/xorg-xorgproto-2024.1-h5eee18b_1.conda
  hash:
    md5: 412a0d97a7a51d23326e57226189da92
    sha256: aa6d3ab9be5b43d3e8ac0c7e23f2a83c3959f8f30ec758e2fcae91f87a9b23b4
  category: main
  optional: false
- name: xz
  version: 5.6.4
  manager: conda
  platform: linux-64
  dependencies:
    libgcc-ng: '>=11.2.0'
  url: https://repo.anaconda.com/pkgs/main/linux-64/xz-5.6.4-h5eee18b_1.conda
  hash:
    md5: 3581505fa450962d631bd82b8616350e
    sha256: a9445543c2b1a1a96c052ac4535cfceb413cdbb0454a0710f9a4c98e7d5d0b1c
  category: main
  optional: false
- name: xz
  version: 5.6.4
  manager: conda
  platform: osx-64
  dependencies: {}
  url: https://repo.anaconda.com/pkgs/main/osx-64/xz-5.6.4-h46256e1_1.conda
  hash:
    md5: ce989a528575ad332a650bb7c7f7e5d5
    sha256: 08852a40efe5d1aaec895e75667d109f712936f70892dd3372581b9eba591002
  category: main
  optional: false
- name: xz
  version: 5.6.4
  manager: conda
  platform: osx-arm64
  dependencies: {}
  url: https://repo.anaconda.com/pkgs/main/osx-arm64/xz-5.6.4-h80987f9_1.conda
  hash:
    md5: f9ccb38dcd26b3ac6948df280aeacf3b
    sha256: 1715b8c457f4af91e55be7551ff5880f824c0fd756c70391aa6bc9a6594bdf31
  category: main
  optional: false
- name: xz
  version: 5.6.4
  manager: conda
  platform: win-64
  dependencies:
    vc: '>=14.2,<15.0a0'
    vs2015_runtime: '>=14.29.30133,<15.0a0'
  url: https://repo.anaconda.com/pkgs/main/win-64/xz-5.6.4-h4754444_1.conda
  hash:
    md5: 6036999a3a2c7a3e3739d6b9351fcb0b
    sha256: 767a18adef86909bb374379add4784879d950a49ce2f7502444fd177b43fae33
  category: main
  optional: false
- name: zlib
  version: 1.3.1
  manager: conda
  platform: linux-64
  dependencies:
    __glibc: '>=2.17,<3.0.a0'
    libgcc-ng: '>=11.2.0'
    libzlib: 1.3.1
  url: https://repo.anaconda.com/pkgs/main/linux-64/zlib-1.3.1-hb25bd0a_0.conda
  hash:
    md5: 9f3a877e5e0fa0fb39253a59ff824861
    sha256: cf30f83189a30b12a9239f132ea0ce676fa822a52045adb0f9ff9b3b4d79ead6
  category: main
  optional: false
- name: zlib
  version: 1.2.13
  manager: conda
  platform: osx-64
  dependencies: {}
  url: https://repo.anaconda.com/pkgs/main/osx-64/zlib-1.2.13-h4b97444_1.conda
  hash:
    md5: 38e35f7c817fac0973034bfce6706ec2
    sha256: 37a384d85f059a46a138e99e0315a7b91925421cdcbffae8ef4b2ad9de985c01
  category: main
  optional: false
- name: zlib
  version: 1.2.13
  manager: conda
  platform: osx-arm64
  dependencies: {}
  url: https://repo.anaconda.com/pkgs/main/osx-arm64/zlib-1.2.13-h18a0788_1.conda
  hash:
    md5: 0e0f66908c52256a41c02b757e24705a
    sha256: a24fd52061df9ed53ea5c26b453effeb68ae72628761d9f7434b7a2395274072
  category: main
  optional: false
- name: zlib
  version: 1.3.1
  manager: conda
  platform: win-64
  dependencies:
    libzlib: 1.3.1
    ucrt: '>=10.0.20348.0'
    vc: '>=14.2,<15'
    vc14_runtime: '>=14.29.30133'
  url: https://repo.anaconda.com/pkgs/main/win-64/zlib-1.3.1-h02ab6af_0.conda
  hash:
    md5: 4db9b3fbefe915ffb9eef8c812a98c6a
    sha256: 116120d38011eea43cbeeb70e00b0eaa3b1c0a3f470df09aadb0d0b66aebbf60
  category: main
  optional: false
